
Microsoft Visual Studio Solution File, Format Version 12.00
# Visual Studio 15
VisualStudioVersion = 15.0.28307.168
MinimumVisualStudioVersion = 10.0.40219.1
Project("{9A19103F-16F7-4668-BE54-9A1E7A4F7556}") = "GMS.Models", "GMS.Models\GMS.Models.csproj", "{EA8CF287-4D0B-4AC1-ADC3-FC58DC7975C0}"
EndProject
Project("{9A19103F-16F7-4668-BE54-9A1E7A4F7556}") = "GMS", "GMS\GMS.csproj", "{F1B91EAB-5F5A-4270-A9BD-70CC75ECC1B7}"
EndProject
Global
	GlobalSection(SolutionConfigurationPlatforms) = preSolution
		Debug|Any CPU = Debug|Any CPU
		Release|Any CPU = Release|Any CPU
	EndGlobalSection
	GlobalSection(ProjectConfigurationPlatforms) = postSolution
		{EA8CF287-4D0B-4AC1-ADC3-FC58DC7975C0}.Debug|Any CPU.ActiveCfg = Debug|Any CPU
		{EA8CF287-4D0B-4AC1-ADC3-FC58DC7975C0}.Debug|Any CPU.Build.0 = Debug|Any CPU
		{EA8CF287-4D0B-4AC1-ADC3-FC58DC7975C0}.Release|Any CPU.ActiveCfg = Release|Any CPU
		{EA8CF287-4D0B-4AC1-ADC3-FC58DC7975C0}.Release|Any CPU.Build.0 = Release|Any CPU
		{F1B91EAB-5F5A-4270-A9BD-70CC75ECC1B7}.Debug|Any CPU.ActiveCfg = Debug|Any CPU
		{F1B91EAB-5F5A-4270-A9BD-70CC75ECC1B7}.Debug|Any CPU.Build.0 = Debug|Any CPU
		{F1B91EAB-5F5A-4270-A9BD-70CC75ECC1B7}.Release|Any CPU.ActiveCfg = Release|Any CPU
		{F1B91EAB-5F5A-4270-A9BD-70CC75ECC1B7}.Release|Any CPU.Build.0 = Release|Any CPU
	EndGlobalSection
	GlobalSection(SolutionProperties) = preSolution
		HideSolutionNode = FALSE
	EndGlobalSection
	GlobalSection(ExtensibilityGlobals) = postSolution
		SolutionGuid = {B884AFAC-AFC4-4929-9CF9-1B8C5E2F037A}
	EndGlobalSection
	GlobalSection(TeamFoundationVersionControl) = preSolution
		SccNumberOfProjects = 3
		SccEnterpriseProvider = {4CA58AB2-18FA-4F8D-95D4-32DDF27D184C}
		SccTeamFoundationServer = http://180.148.6.10:8080/tfs/eiu%20projects
		SccProjectUniqueName0 = GMS.Models\\GMS.Models.csproj
		SccProjectName0 = GMS.Models
		SccLocalPath0 = GMS.Models
		SccProjectUniqueName1 = GMS\\GMS.csproj
		SccProjectName1 = GMS
		SccLocalPath1 = GMS
		SccLocalPath2 = .
	EndGlobalSection
EndGlobal
